// !$*UTF8*$!
{
	archiveVersion = 1;
	classes = {
	};
	objectVersion = 46;
	objects = {

/* Begin PBXBuildFile section */
		B8340A561B0AEEC700B246E4 /* TipCalculator.swift in Sources */ = {isa = PBXBuildFile; fileRef = B8770E911AF7008B00DE5F5C /* TipCalculator.swift */; };
		B8770E701AF682DA00DE5F5C /* AppDelegate.swift in Sources */ = {isa = PBXBuildFile; fileRef = B8770E6F1AF682DA00DE5F5C /* AppDelegate.swift */; };
		B8770E721AF682DA00DE5F5C /* ViewController.swift in Sources */ = {isa = PBXBuildFile; fileRef = B8770E711AF682DA00DE5F5C /* ViewController.swift */; };
		B8770E751AF682DA00DE5F5C /* Main.storyboard in Resources */ = {isa = PBXBuildFile; fileRef = B8770E731AF682DA00DE5F5C /* Main.storyboard */; };
		B8770E771AF682DA00DE5F5C /* Images.xcassets in Resources */ = {isa = PBXBuildFile; fileRef = B8770E761AF682DA00DE5F5C /* Images.xcassets */; };
		B8770E7A1AF682DA00DE5F5C /* LaunchScreen.xib in Resources */ = {isa = PBXBuildFile; fileRef = B8770E781AF682DA00DE5F5C /* LaunchScreen.xib */; };
		B8770E861AF682DA00DE5F5C /* SimpleTipCalculatorTests.swift in Sources */ = {isa = PBXBuildFile; fileRef = B8770E851AF682DA00DE5F5C /* SimpleTipCalculatorTests.swift */; };
		B8770E901AF6878E00DE5F5C /* SimpleTipCalculatorViewController.swift in Sources */ = {isa = PBXBuildFile; fileRef = B8770E8F1AF6878E00DE5F5C /* SimpleTipCalculatorViewController.swift */; };
		B8770E921AF7008B00DE5F5C /* TipCalculator.swift in Sources */ = {isa = PBXBuildFile; fileRef = B8770E911AF7008B00DE5F5C /* TipCalculator.swift */; };
		B8C88E5F1B163B0200144DE6 /* TipService.swift in Sources */ = {isa = PBXBuildFile; fileRef = B8C88E5E1B163B0200144DE6 /* TipService.swift */; };
		B8C88E601B163B0200144DE6 /* TipService.swift in Sources */ = {isa = PBXBuildFile; fileRef = B8C88E5E1B163B0200144DE6 /* TipService.swift */; };
		B8C88E621B163BFC00144DE6 /* TipServiceTests.swift in Sources */ = {isa = PBXBuildFile; fileRef = B8C88E611B163BFC00144DE6 /* TipServiceTests.swift */; };
		B8C88E671B18132800144DE6 /* helpers.m in Sources */ = {isa = PBXBuildFile; fileRef = B8C88E661B18132800144DE6 /* helpers.m */; };
		B8C88E731B181DB400144DE6 /* STCVCTests.swift in Sources */ = {isa = PBXBuildFile; fileRef = B8C88E721B181DB400144DE6 /* STCVCTests.swift */; };
		B8C88E741B181ECD00144DE6 /* SimpleTipCalculatorViewController.swift in Sources */ = {isa = PBXBuildFile; fileRef = B8770E8F1AF6878E00DE5F5C /* SimpleTipCalculatorViewController.swift */; };
		B8C88E761B181FDB00144DE6 /* Main.storyboard in Resources */ = {isa = PBXBuildFile; fileRef = B8770E731AF682DA00DE5F5C /* Main.storyboard */; };
/* End PBXBuildFile section */

/* Begin PBXContainerItemProxy section */
		B8770E801AF682DA00DE5F5C /* PBXContainerItemProxy */ = {
			isa = PBXContainerItemProxy;
			containerPortal = B8770E621AF682DA00DE5F5C /* Project object */;
			proxyType = 1;
			remoteGlobalIDString = B8770E691AF682DA00DE5F5C;
			remoteInfo = SimpleTipCalculator;
		};
/* End PBXContainerItemProxy section */

/* Begin PBXFileReference section */
		B8770E6A1AF682DA00DE5F5C /* SimpleTipCalculator.app */ = {isa = PBXFileReference; explicitFileType = wrapper.application; includeInIndex = 0; path = SimpleTipCalculator.app; sourceTree = BUILT_PRODUCTS_DIR; };
		B8770E6E1AF682DA00DE5F5C /* Info.plist */ = {isa = PBXFileReference; lastKnownFileType = text.plist.xml; path = Info.plist; sourceTree = "<group>"; };
		B8770E6F1AF682DA00DE5F5C /* AppDelegate.swift */ = {isa = PBXFileReference; lastKnownFileType = sourcecode.swift; path = AppDelegate.swift; sourceTree = "<group>"; };
		B8770E711AF682DA00DE5F5C /* ViewController.swift */ = {isa = PBXFileReference; lastKnownFileType = sourcecode.swift; path = ViewController.swift; sourceTree = "<group>"; };
		B8770E741AF682DA00DE5F5C /* Base */ = {isa = PBXFileReference; lastKnownFileType = file.storyboard; name = Base; path = Base.lproj/Main.storyboard; sourceTree = "<group>"; };
		B8770E761AF682DA00DE5F5C /* Images.xcassets */ = {isa = PBXFileReference; lastKnownFileType = folder.assetcatalog; path = Images.xcassets; sourceTree = "<group>"; };
		B8770E791AF682DA00DE5F5C /* Base */ = {isa = PBXFileReference; lastKnownFileType = file.xib; name = Base; path = Base.lproj/LaunchScreen.xib; sourceTree = "<group>"; };
		B8770E7F1AF682DA00DE5F5C /* SimpleTipCalculatorTests.xctest */ = {isa = PBXFileReference; explicitFileType = wrapper.cfbundle; includeInIndex = 0; path = SimpleTipCalculatorTests.xctest; sourceTree = BUILT_PRODUCTS_DIR; };
		B8770E841AF682DA00DE5F5C /* Info.plist */ = {isa = PBXFileReference; lastKnownFileType = text.plist.xml; path = Info.plist; sourceTree = "<group>"; };
		B8770E851AF682DA00DE5F5C /* SimpleTipCalculatorTests.swift */ = {isa = PBXFileReference; lastKnownFileType = sourcecode.swift; path = SimpleTipCalculatorTests.swift; sourceTree = "<group>"; };
		B8770E8F1AF6878E00DE5F5C /* SimpleTipCalculatorViewController.swift */ = {isa = PBXFileReference; fileEncoding = 4; lastKnownFileType = sourcecode.swift; path = SimpleTipCalculatorViewController.swift; sourceTree = "<group>"; };
		B8770E911AF7008B00DE5F5C /* TipCalculator.swift */ = {isa = PBXFileReference; fileEncoding = 4; lastKnownFileType = sourcecode.swift; path = TipCalculator.swift; sourceTree = "<group>"; };
		B8C88E5E1B163B0200144DE6 /* TipService.swift */ = {isa = PBXFileReference; fileEncoding = 4; lastKnownFileType = sourcecode.swift; path = TipService.swift; sourceTree = "<group>"; };
		B8C88E611B163BFC00144DE6 /* TipServiceTests.swift */ = {isa = PBXFileReference; fileEncoding = 4; lastKnownFileType = sourcecode.swift; path = TipServiceTests.swift; sourceTree = "<group>"; };
		B8C88E641B18123600144DE6 /* SimpleTipCalculatorTests-Bridging-Header.h */ = {isa = PBXFileReference; fileEncoding = 4; lastKnownFileType = sourcecode.c.h; path = "SimpleTipCalculatorTests-Bridging-Header.h"; sourceTree = "<group>"; };
		B8C88E651B1812A800144DE6 /* helpers.h */ = {isa = PBXFileReference; fileEncoding = 4; lastKnownFileType = sourcecode.c.h; path = helpers.h; sourceTree = "<group>"; };
		B8C88E661B18132800144DE6 /* helpers.m */ = {isa = PBXFileReference; fileEncoding = 4; lastKnownFileType = sourcecode.c.objc; path = helpers.m; sourceTree = "<group>"; };
		B8C88E721B181DB400144DE6 /* STCVCTests.swift */ = {isa = PBXFileReference; fileEncoding = 4; lastKnownFileType = sourcecode.swift; path = STCVCTests.swift; sourceTree = "<group>"; };
/* End PBXFileReference section */

/* Begin PBXFrameworksBuildPhase section */
		B8770E671AF682DA00DE5F5C /* Frameworks */ = {
			isa = PBXFrameworksBuildPhase;
			buildActionMask = 2147483647;
			files = (
			);
			runOnlyForDeploymentPostprocessing = 0;
		};
		B8770E7C1AF682DA00DE5F5C /* Frameworks */ = {
			isa = PBXFrameworksBuildPhase;
			buildActionMask = 2147483647;
			files = (
			);
			runOnlyForDeploymentPostprocessing = 0;
		};
/* End PBXFrameworksBuildPhase section */

/* Begin PBXGroup section */
		B8770E611AF682DA00DE5F5C = {
			isa = PBXGroup;
			children = (
				B8770E6C1AF682DA00DE5F5C /* SimpleTipCalculator */,
				B8770E821AF682DA00DE5F5C /* SimpleTipCalculatorTests */,
				B8770E6B1AF682DA00DE5F5C /* Products */,
			);
			sourceTree = "<group>";
		};
		B8770E6B1AF682DA00DE5F5C /* Products */ = {
			isa = PBXGroup;
			children = (
				B8770E6A1AF682DA00DE5F5C /* SimpleTipCalculator.app */,
				B8770E7F1AF682DA00DE5F5C /* SimpleTipCalculatorTests.xctest */,
			);
			name = Products;
			sourceTree = "<group>";
		};
		B8770E6C1AF682DA00DE5F5C /* SimpleTipCalculator */ = {
			isa = PBXGroup;
			children = (
				B8770E6F1AF682DA00DE5F5C /* AppDelegate.swift */,
				B8770E711AF682DA00DE5F5C /* ViewController.swift */,
				B8770E731AF682DA00DE5F5C /* Main.storyboard */,
				B8770E761AF682DA00DE5F5C /* Images.xcassets */,
				B8770E781AF682DA00DE5F5C /* LaunchScreen.xib */,
				B8770E6D1AF682DA00DE5F5C /* Supporting Files */,
				B8770E8F1AF6878E00DE5F5C /* SimpleTipCalculatorViewController.swift */,
				B8770E911AF7008B00DE5F5C /* TipCalculator.swift */,
				B8C88E5E1B163B0200144DE6 /* TipService.swift */,
			);
			path = SimpleTipCalculator;
			sourceTree = "<group>";
		};
		B8770E6D1AF682DA00DE5F5C /* Supporting Files */ = {
			isa = PBXGroup;
			children = (
				B8770E6E1AF682DA00DE5F5C /* Info.plist */,
			);
			name = "Supporting Files";
			sourceTree = "<group>";
		};
		B8770E821AF682DA00DE5F5C /* SimpleTipCalculatorTests */ = {
			isa = PBXGroup;
			children = (
				B8770E851AF682DA00DE5F5C /* SimpleTipCalculatorTests.swift */,
				B8770E831AF682DA00DE5F5C /* Supporting Files */,
				B8C88E611B163BFC00144DE6 /* TipServiceTests.swift */,
				B8C88E641B18123600144DE6 /* SimpleTipCalculatorTests-Bridging-Header.h */,
				B8C88E651B1812A800144DE6 /* helpers.h */,
				B8C88E661B18132800144DE6 /* helpers.m */,
				B8C88E721B181DB400144DE6 /* STCVCTests.swift */,
			);
			path = SimpleTipCalculatorTests;
			sourceTree = "<group>";
		};
		B8770E831AF682DA00DE5F5C /* Supporting Files */ = {
			isa = PBXGroup;
			children = (
				B8770E841AF682DA00DE5F5C /* Info.plist */,
			);
			name = "Supporting Files";
			sourceTree = "<group>";
		};
/* End PBXGroup section */

/* Begin PBXNativeTarget section */
		B8770E691AF682DA00DE5F5C /* SimpleTipCalculator */ = {
			isa = PBXNativeTarget;
			buildConfigurationList = B8770E891AF682DA00DE5F5C /* Build configuration list for PBXNativeTarget "SimpleTipCalculator" */;
			buildPhases = (
				B8770E661AF682DA00DE5F5C /* Sources */,
				B8770E671AF682DA00DE5F5C /* Frameworks */,
				B8770E681AF682DA00DE5F5C /* Resources */,
			);
			buildRules = (
			);
			dependencies = (
			);
			name = SimpleTipCalculator;
			productName = SimpleTipCalculator;
			productReference = B8770E6A1AF682DA00DE5F5C /* SimpleTipCalculator.app */;
			productType = "com.apple.product-type.application";
		};
		B8770E7E1AF682DA00DE5F5C /* SimpleTipCalculatorTests */ = {
			isa = PBXNativeTarget;
			buildConfigurationList = B8770E8C1AF682DA00DE5F5C /* Build configuration list for PBXNativeTarget "SimpleTipCalculatorTests" */;
			buildPhases = (
				B8770E7B1AF682DA00DE5F5C /* Sources */,
				B8770E7C1AF682DA00DE5F5C /* Frameworks */,
				B8770E7D1AF682DA00DE5F5C /* Resources */,
			);
			buildRules = (
			);
			dependencies = (
				B8770E811AF682DA00DE5F5C /* PBXTargetDependency */,
			);
			name = SimpleTipCalculatorTests;
			productName = SimpleTipCalculatorTests;
			productReference = B8770E7F1AF682DA00DE5F5C /* SimpleTipCalculatorTests.xctest */;
			productType = "com.apple.product-type.bundle.unit-test";
		};
/* End PBXNativeTarget section */

/* Begin PBXProject section */
		B8770E621AF682DA00DE5F5C /* Project object */ = {
			isa = PBXProject;
			attributes = {
				LastUpgradeCheck = 0630;
				ORGANIZATIONNAME = "Derek Jensen";
				TargetAttributes = {
					B8770E691AF682DA00DE5F5C = {
						CreatedOnToolsVersion = 6.3.1;
					};
					B8770E7E1AF682DA00DE5F5C = {
						CreatedOnToolsVersion = 6.3.1;
						TestTargetID = B8770E691AF682DA00DE5F5C;
					};
				};
			};
			buildConfigurationList = B8770E651AF682DA00DE5F5C /* Build configuration list for PBXProject "SimpleTipCalculator" */;
			compatibilityVersion = "Xcode 3.2";
			developmentRegion = English;
			hasScannedForEncodings = 0;
			knownRegions = (
				en,
				Base,
			);
			mainGroup = B8770E611AF682DA00DE5F5C;
			productRefGroup = B8770E6B1AF682DA00DE5F5C /* Products */;
			projectDirPath = "";
			projectRoot = "";
			targets = (
				B8770E691AF682DA00DE5F5C /* SimpleTipCalculator */,
				B8770E7E1AF682DA00DE5F5C /* SimpleTipCalculatorTests */,
			);
		};
/* End PBXProject section */

/* Begin PBXResourcesBuildPhase section */
		B8770E681AF682DA00DE5F5C /* Resources */ = {
			isa = PBXResourcesBuildPhase;
			buildActionMask = 2147483647;
			files = (
				B8770E751AF682DA00DE5F5C /* Main.storyboard in Resources */,
				B8770E7A1AF682DA00DE5F5C /* LaunchScreen.xib in Resources */,
				B8770E771AF682DA00DE5F5C /* Images.xcassets in Resources */,
			);
			runOnlyForDeploymentPostprocessing = 0;
		};
		B8770E7D1AF682DA00DE5F5C /* Resources */ = {
			isa = PBXResourcesBuildPhase;
			buildActionMask = 2147483647;
			files = (
				B8C88E761B181FDB00144DE6 /* Main.storyboard in Resources */,
			);
			runOnlyForDeploymentPostprocessing = 0;
		};
/* End PBXResourcesBuildPhase section */

/* Begin PBXSourcesBuildPhase section */
		B8770E661AF682DA00DE5F5C /* Sources */ = {
			isa = PBXSourcesBuildPhase;
			buildActionMask = 2147483647;
			files = (
				B8C88E5F1B163B0200144DE6 /* TipService.swift in Sources */,
				B8770E721AF682DA00DE5F5C /* ViewController.swift in Sources */,
				B8770E921AF7008B00DE5F5C /* TipCalculator.swift in Sources */,
				B8770E701AF682DA00DE5F5C /* AppDelegate.swift in Sources */,
				B8770E901AF6878E00DE5F5C /* SimpleTipCalculatorViewController.swift in Sources */,
			);
			runOnlyForDeploymentPostprocessing = 0;
		};
		B8770E7B1AF682DA00DE5F5C /* Sources */ = {
			isa = PBXSourcesBuildPhase;
			buildActionMask = 2147483647;
			files = (
				B8770E861AF682DA00DE5F5C /* SimpleTipCalculatorTests.swift in Sources */,
				B8C88E741B181ECD00144DE6 /* SimpleTipCalculatorViewController.swift in Sources */,
				B8C88E731B181DB400144DE6 /* STCVCTests.swift in Sources */,
				B8C88E601B163B0200144DE6 /* TipService.swift in Sources */,
				B8C88E621B163BFC00144DE6 /* TipServiceTests.swift in Sources */,
				B8340A561B0AEEC700B246E4 /* TipCalculator.swift in Sources */,
				B8C88E671B18132800144DE6 /* helpers.m in Sources */,
			);
			runOnlyForDeploymentPostprocessing = 0;
		};
/* End PBXSourcesBuildPhase section */

/* Begin PBXTargetDependency section */
		B8770E811AF682DA00DE5F5C /* PBXTargetDependency */ = {
			isa = PBXTargetDependency;
			target = B8770E691AF682DA00DE5F5C /* SimpleTipCalculator */;
			targetProxy = B8770E801AF682DA00DE5F5C /* PBXContainerItemProxy */;
		};
/* End PBXTargetDependency section */

/* Begin PBXVariantGroup section */
		B8770E731AF682DA00DE5F5C /* Main.storyboard */ = {
			isa = PBXVariantGroup;
			children = (
				B8770E741AF682DA00DE5F5C /* Base */,
			);
			name = Main.storyboard;
			sourceTree = "<group>";
		};
		B8770E781AF682DA00DE5F5C /* LaunchScreen.xib */ = {
			isa = PBXVariantGroup;
			children = (
				B8770E791AF682DA00DE5F5C /* Base */,
			);
			name = LaunchScreen.xib;
			sourceTree = "<group>";
		};
/* End PBXVariantGroup section */

/* Begin XCBuildConfiguration section */
		B8770E871AF682DA00DE5F5C /* Debug */ = {
			isa = XCBuildConfiguration;
			buildSettings = {
				ALWAYS_SEARCH_USER_PATHS = NO;
				CLANG_CXX_LANGUAGE_STANDARD = "gnu++0x";
				CLANG_CXX_LIBRARY = "libc++";
				CLANG_ENABLE_MODULES = YES;
				CLANG_ENABLE_OBJC_ARC = YES;
				CLANG_WARN_BOOL_CONVERSION = YES;
				CLANG_WARN_CONSTANT_CONVERSION = YES;
				CLANG_WARN_DIRECT_OBJC_ISA_USAGE = YES_ERROR;
				CLANG_WARN_EMPTY_BODY = YES;
				CLANG_WARN_ENUM_CONVERSION = YES;
				CLANG_WARN_INT_CONVERSION = YES;
				CLANG_WARN_OBJC_ROOT_CLASS = YES_ERROR;
				CLANG_WARN_UNREACHABLE_CODE = YES;
				CLANG_WARN__DUPLICATE_METHOD_MATCH = YES;
				"CODE_SIGN_IDENTITY[sdk=iphoneos*]" = "iPhone Developer";
				COPY_PHASE_STRIP = NO;
				DEBUG_INFORMATION_FORMAT = "dwarf-with-dsym";
				ENABLE_STRICT_OBJC_MSGSEND = YES;
				GCC_C_LANGUAGE_STANDARD = gnu99;
				GCC_DYNAMIC_NO_PIC = NO;
				GCC_NO_COMMON_BLOCKS = YES;
				GCC_OPTIMIZATION_LEVEL = 0;
				GCC_PREPROCESSOR_DEFINITIONS = (
					"DEBUG=1",
					"$(inherited)",
				);
				GCC_SYMBOLS_PRIVATE_EXTERN = NO;
				GCC_WARN_64_TO_32_BIT_CONVERSION = YES;
				GCC_WARN_ABOUT_RETURN_TYPE = YES_ERROR;
				GCC_WARN_UNDECLARED_SELECTOR = YES;
				GCC_WARN_UNINITIALIZED_AUTOS = YES_AGGRESSIVE;
				GCC_WARN_UNUSED_FUNCTION = YES;
				GCC_WARN_UNUSED_VARIABLE = YES;
				IPHONEOS_DEPLOYMENT_TARGET = 8.3;
				MTL_ENABLE_DEBUG_INFO = YES;
				ONLY_ACTIVE_ARCH = YES;
				SDKROOT = iphoneos;
				SWIFT_OPTIMIZATION_LEVEL = "-Onone";
			};
			name = Debug;
		};
		B8770E881AF682DA00DE5F5C /* Release */ = {
			isa = XCBuildConfiguration;
			buildSettings = {
				ALWAYS_SEARCH_USER_PATHS = NO;
				CLANG_CXX_LANGUAGE_STANDARD = "gnu++0x";
				CLANG_CXX_LIBRARY = "libc++";
				CLANG_ENABLE_MODULES = YES;
				CLANG_ENABLE_OBJC_ARC = YES;
				CLANG_WARN_BOOL_CONVERSION = YES;
				CLANG_WARN_CONSTANT_CONVERSION = YES;
				CLANG_WARN_DIRECT_OBJC_ISA_USAGE = YES_ERROR;
				CLANG_WARN_EMPTY_BODY = YES;
				CLANG_WARN_ENUM_CONVERSION = YES;
				CLANG_WARN_INT_CONVERSION = YES;
				CLANG_WARN_OBJC_ROOT_CLASS = YES_ERROR;
				CLANG_WARN_UNREACHABLE_CODE = YES;
				CLANG_WARN__DUPLICATE_METHOD_MATCH = YES;
				"CODE_SIGN_IDENTITY[sdk=iphoneos*]" = "iPhone Developer";
				COPY_PHASE_STRIP = NO;
				DEBUG_INFORMATION_FORMAT = "dwarf-with-dsym";
				ENABLE_NS_ASSERTIONS = NO;
				ENABLE_STRICT_OBJC_MSGSEND = YES;
				GCC_C_LANGUAGE_STANDARD = gnu99;
				GCC_NO_COMMON_BLOCKS = YES;
				GCC_WARN_64_TO_32_BIT_CONVERSION = YES;
				GCC_WARN_ABOUT_RETURN_TYPE = YES_ERROR;
				GCC_WARN_UNDECLARED_SELECTOR = YES;
				GCC_WARN_UNINITIALIZED_AUTOS = YES_AGGRESSIVE;
				GCC_WARN_UNUSED_FUNCTION = YES;
				GCC_WARN_UNUSED_VARIABLE = YES;
				IPHONEOS_DEPLOYMENT_TARGET = 8.3;
				MTL_ENABLE_DEBUG_INFO = NO;
				SDKROOT = iphoneos;
				VALIDATE_PRODUCT = YES;
			};
			name = Release;
		};
		B8770E8A1AF682DA00DE5F5C /* Debug */ = {
			isa = XCBuildConfiguration;
			buildSettings = {
				ASSETCATALOG_COMPILER_APPICON_NAME = AppIcon;
				CLANG_LINK_OBJC_RUNTIME = YES;
				INFOPLIST_FILE = SimpleTipCalculator/Info.plist;
				LD_RUNPATH_SEARCH_PATHS = "$(inherited) @executable_path/Frameworks";
				PRODUCT_NAME = "$(TARGET_NAME)";
				SWIFT_INSTALL_OBJC_HEADER = NO;
			};
			name = Debug;
		};
		B8770E8B1AF682DA00DE5F5C /* Release */ = {
			isa = XCBuildConfiguration;
			buildSettings = {
				ASSETCATALOG_COMPILER_APPICON_NAME = AppIcon;
				CLANG_LINK_OBJC_RUNTIME = YES;
				INFOPLIST_FILE = SimpleTipCalculator/Info.plist;
				LD_RUNPATH_SEARCH_PATHS = "$(inherited) @executable_path/Frameworks";
				PRODUCT_NAME = "$(TARGET_NAME)";
				SWIFT_INSTALL_OBJC_HEADER = NO;
			};
			name = Release;
		};
		B8770E8D1AF682DA00DE5F5C /* Debug */ = {
			isa = XCBuildConfiguration;
			buildSettings = {
				BUNDLE_LOADER = "$(TEST_HOST)";
				CLANG_ENABLE_MODULES = YES;
				FRAMEWORK_SEARCH_PATHS = (
					"$(SDKROOT)/Developer/Library/Frameworks",
					"$(inherited)",
				);
				GCC_PREPROCESSOR_DEFINITIONS = (
					"DEBUG=1",
					"$(inherited)",
				);
				INFOPLIST_FILE = SimpleTipCalculatorTests/Info.plist;
				LD_RUNPATH_SEARCH_PATHS = "$(inherited) @executable_path/Frameworks @loader_path/Frameworks";
				PRODUCT_NAME = "$(TARGET_NAME)";
				SWIFT_OBJC_BRIDGING_HEADER = "/Users/derekjensen/Documents/SimpleTipCalculator/SimpleTipCalculatorTests/SimpleTipCalculatorTests-Bridging-Header.h";
				SWIFT_OPTIMIZATION_LEVEL = "-Onone";
				TEST_HOST = "$(BUILT_PRODUCTS_DIR)/SimpleTipCalculator.app/SimpleTipCalculator";
			};
			name = Debug;
		};
		B8770E8E1AF682DA00DE5F5C /* Release */ = {
			isa = XCBuildConfiguration;
			buildSettings = {
				BUNDLE_LOADER = "$(TEST_HOST)";
				CLANG_ENABLE_MODULES = YES;
				FRAMEWORK_SEARCH_PATHS = (
					"$(SDKROOT)/Developer/Library/Frameworks",
					"$(inherited)",
				);
				INFOPLIST_FILE = SimpleTipCalculatorTests/Info.plist;
				LD_RUNPATH_SEARCH_PATHS = "$(inherited) @executable_path/Frameworks @loader_path/Frameworks";
				PRODUCT_NAME = "$(TARGET_NAME)";
				TEST_HOST = "$(BUILT_PRODUCTS_DIR)/SimpleTipCalculator.app/SimpleTipCalculator";
			};
			name = Release;
		};
/* End XCBuildConfiguration section */

/* Begin XCConfigurationList section */
		B8770E651AF682DA00DE5F5C /* Build configuration list for PBXProject "SimpleTipCalculator" */ = {
			isa = XCConfigurationList;
			buildConfigurations = (
				B8770E871AF682DA00DE5F5C /* Debug */,
				B8770E881AF682DA00DE5F5C /* Release */,
			);
			defaultConfigurationIsVisible = 0;
			defaultConfigurationName = Release;
		};
		B8770E891AF682DA00DE5F5C /* Build configuration list for PBXNativeTarget "SimpleTipCalculator" */ = {
			isa = XCConfigurationList;
			buildConfigurations = (
				B8770E8A1AF682DA00DE5F5C /* Debug */,
				B8770E8B1AF682DA00DE5F5C /* Release */,
			);
			defaultConfigurationIsVisible = 0;
			defaultConfigurationName = Release;
		};
		B8770E8C1AF682DA00DE5F5C /* Build configuration list for PBXNativeTarget "SimpleTipCalculatorTests" */ = {
			isa = XCConfigurationList;
			buildConfigurations = (
				B8770E8D1AF682DA00DE5F5C /* Debug */,
				B8770E8E1AF682DA00DE5F5C /* Release */,
			);
			defaultConfigurationIsVisible = 0;
			defaultConfigurationName = Release;
		};
/* End XCConfigurationList section */
	};
	rootObject = B8770E621AF682DA00DE5F5C /* Project object */;
}
